<?xml version="1.0" encoding="utf-8"?>
<Project ToolsVersion="4.0" xmlns="http://schemas.microsoft.com/developer/msbuild/2003">
  <ItemGroup>
    <Filter Include="Fichiers sources">
      <UniqueIdentifier>{4FC737F1-C7A5-4376-A066-2A32D752A2FF}</UniqueIdentifier>
      <Extensions>cpp;c;cc;cxx;def;odl;idl;hpj;bat;asm;asmx</Extensions>
    </Filter>
    <Filter Include="Fichiers d%27en-tête">
      <UniqueIdentifier>{93995380-89BD-4b04-88EB-625FBE52EBFB}</UniqueIdentifier>
      <Extensions>h;hh;hpp;hxx;hm;inl;inc;ipp;xsd</Extensions>
    </Filter>
    <Filter Include="Fichiers de ressources">
      <UniqueIdentifier>{67DA6AB6-F800-4c08-8B7A-83BB121AAD01}</UniqueIdentifier>
      <Extensions>rc;ico;cur;bmp;dlg;rc2;rct;bin;rgs;gif;jpg;jpeg;jpe;resx;tiff;tif;png;wav;mfcribbon-ms</Extensions>
    </Filter>
    <Filter Include="Fichiers d%27en-tête\gamePlay">
      <UniqueIdentifier>{adf706f0-6f06-42a5-9638-06a4dba359a5}</UniqueIdentifier>
    </Filter>
    <Filter Include="Fichiers sources\gamePlay">
      <UniqueIdentifier>{e87d3a65-61cf-4e56-809b-58a4f82ef885}</UniqueIdentifier>
    </Filter>
    <Filter Include="Fichiers d%27en-tête\Base">
      <UniqueIdentifier>{0c89ff07-1edf-47c3-9573-4c04d659e307}</UniqueIdentifier>
    </Filter>
    <Filter Include="Fichiers sources\Base">
      <UniqueIdentifier>{eec885f5-0244-4f0c-99be-09513d02c6e7}</UniqueIdentifier>
    </Filter>
    <Filter Include="Fichiers d%27en-tête\action">
      <UniqueIdentifier>{b68dd5cd-fba9-42ee-ba4b-d49e2ba67fed}</UniqueIdentifier>
    </Filter>
    <Filter Include="Fichiers sources\action">
      <UniqueIdentifier>{6b892eca-dd8a-45dc-a6e2-99487e96354e}</UniqueIdentifier>
    </Filter>
  </ItemGroup>
  <ItemGroup>
    <ClCompile Include="main.cpp">
      <Filter>Fichiers sources</Filter>
    </ClCompile>
    <ClCompile Include="MapMonde.cpp">
      <Filter>Fichiers sources</Filter>
    </ClCompile>
    <ClCompile Include="Monster.cpp">
      <Filter>Fichiers sources</Filter>
    </ClCompile>
    <ClCompile Include="PNJ.cpp">
      <Filter>Fichiers sources</Filter>
    </ClCompile>
    <ClCompile Include="Position.cpp">
      <Filter>Fichiers sources</Filter>
    </ClCompile>
    <ClCompile Include="DVLMatrix.cpp">
      <Filter>Fichiers sources\Base</Filter>
    </ClCompile>
    <ClCompile Include="DVLObject.cpp">
      <Filter>Fichiers sources</Filter>
    </ClCompile>
    <ClCompile Include="IAction.cpp">
      <Filter>Fichiers sources\action</Filter>
    </ClCompile>
    <ClCompile Include="Move.cpp">
      <Filter>Fichiers sources</Filter>
    </ClCompile>
  </ItemGroup>
  <ItemGroup>
    <ClInclude Include="MapMonde.h">
      <Filter>Fichiers d%27en-tête</Filter>
    </ClInclude>
    <ClInclude Include="Monster.h">
      <Filter>Fichiers d%27en-tête</Filter>
    </ClInclude>
    <ClInclude Include="PNJ.h">
      <Filter>Fichiers d%27en-tête</Filter>
    </ClInclude>
    <ClInclude Include="Position.h">
      <Filter>Fichiers d%27en-tête</Filter>
    </ClInclude>
    <ClInclude Include="DVLVect3.h">
      <Filter>Fichiers d%27en-tête\Base</Filter>
    </ClInclude>
    <ClInclude Include="DVLMatrix.h">
      <Filter>Fichiers d%27en-tête\Base</Filter>
    </ClInclude>
    <ClInclude Include="DVLVect4.h">
      <Filter>Fichiers d%27en-tête\Base</Filter>
    </ClInclude>
    <ClInclude Include="DVLVect2.h">
      <Filter>Fichiers d%27en-tête\Base</Filter>
    </ClInclude>
    <ClInclude Include="DVLObject.h">
      <Filter>Fichiers d%27en-tête</Filter>
    </ClInclude>
    <ClInclude Include="IAction.h">
      <Filter>Fichiers d%27en-tête\action</Filter>
    </ClInclude>
    <ClInclude Include="Move.h">
      <Filter>Fichiers d%27en-tête</Filter>
    </ClInclude>
  </ItemGroup>
</Project>